
Microsoft Visual Studio Solution File, Format Version 12.00
# Visual Studio 15
VisualStudioVersion = 15.0.26124.0
MinimumVisualStudioVersion = 15.0.26124.0
Project("{2150E333-8FDC-42A3-9474-1A3956D46DE8}") = "src", "src", "{31C339ED-BBD6-4870-B4F3-2D286D138B72}"
EndProject
Project("{9A19103F-16F7-4668-BE54-9A1E7A4F7556}") = "IdentityServer", "src\IdentityServer\IdentityServer.csproj", "{C7F08658-328B-4C19-A935-934FADAC5086}"
EndProject
Project("{FAE04EC0-301F-11D3-BF4B-00C04F79EFBC}") = "Api", "src\Api\Api.csproj", "{4AE54D54-2727-4B8E-B1BD-74FC8A1A2CAF}"
EndProject
Project("{FAE04EC0-301F-11D3-BF4B-00C04F79EFBC}") = "Client", "src\Client\Client.csproj", "{A921EC7E-356A-48A1-BCB9-7BFC2912F5B8}"
EndProject
Global
	GlobalSection(SolutionConfigurationPlatforms) = preSolution
		Debug|Any CPU = Debug|Any CPU
		Debug|x64 = Debug|x64
		Debug|x86 = Debug|x86
		Release|Any CPU = Release|Any CPU
		Release|x64 = Release|x64
		Release|x86 = Release|x86
	EndGlobalSection
	GlobalSection(ProjectConfigurationPlatforms) = postSolution
		{C7F08658-328B-4C19-A935-934FADAC5086}.Debug|Any CPU.ActiveCfg = Debug|Any CPU
		{C7F08658-328B-4C19-A935-934FADAC5086}.Debug|Any CPU.Build.0 = Debug|Any CPU
		{C7F08658-328B-4C19-A935-934FADAC5086}.Debug|x64.ActiveCfg = Debug|Any CPU
		{C7F08658-328B-4C19-A935-934FADAC5086}.Debug|x64.Build.0 = Debug|Any CPU
		{C7F08658-328B-4C19-A935-934FADAC5086}.Debug|x86.ActiveCfg = Debug|Any CPU
		{C7F08658-328B-4C19-A935-934FADAC5086}.Debug|x86.Build.0 = Debug|Any CPU
		{C7F08658-328B-4C19-A935-934FADAC5086}.Release|Any CPU.ActiveCfg = Release|Any CPU
		{C7F08658-328B-4C19-A935-934FADAC5086}.Release|Any CPU.Build.0 = Release|Any CPU
		{C7F08658-328B-4C19-A935-934FADAC5086}.Release|x64.ActiveCfg = Release|Any CPU
		{C7F08658-328B-4C19-A935-934FADAC5086}.Release|x64.Build.0 = Release|Any CPU
		{C7F08658-328B-4C19-A935-934FADAC5086}.Release|x86.ActiveCfg = Release|Any CPU
		{C7F08658-328B-4C19-A935-934FADAC5086}.Release|x86.Build.0 = Release|Any CPU
		{4AE54D54-2727-4B8E-B1BD-74FC8A1A2CAF}.Debug|Any CPU.ActiveCfg = Debug|Any CPU
		{4AE54D54-2727-4B8E-B1BD-74FC8A1A2CAF}.Debug|Any CPU.Build.0 = Debug|Any CPU
		{4AE54D54-2727-4B8E-B1BD-74FC8A1A2CAF}.Debug|x64.ActiveCfg = Debug|Any CPU
		{4AE54D54-2727-4B8E-B1BD-74FC8A1A2CAF}.Debug|x64.Build.0 = Debug|Any CPU
		{4AE54D54-2727-4B8E-B1BD-74FC8A1A2CAF}.Debug|x86.ActiveCfg = Debug|Any CPU
		{4AE54D54-2727-4B8E-B1BD-74FC8A1A2CAF}.Debug|x86.Build.0 = Debug|Any CPU
		{4AE54D54-2727-4B8E-B1BD-74FC8A1A2CAF}.Release|Any CPU.ActiveCfg = Release|Any CPU
		{4AE54D54-2727-4B8E-B1BD-74FC8A1A2CAF}.Release|Any CPU.Build.0 = Release|Any CPU
		{4AE54D54-2727-4B8E-B1BD-74FC8A1A2CAF}.Release|x64.ActiveCfg = Release|Any CPU
		{4AE54D54-2727-4B8E-B1BD-74FC8A1A2CAF}.Release|x64.Build.0 = Release|Any CPU
		{4AE54D54-2727-4B8E-B1BD-74FC8A1A2CAF}.Release|x86.ActiveCfg = Release|Any CPU
		{4AE54D54-2727-4B8E-B1BD-74FC8A1A2CAF}.Release|x86.Build.0 = Release|Any CPU
		{A921EC7E-356A-48A1-BCB9-7BFC2912F5B8}.Debug|Any CPU.ActiveCfg = Debug|Any CPU
		{A921EC7E-356A-48A1-BCB9-7BFC2912F5B8}.Debug|Any CPU.Build.0 = Debug|Any CPU
		{A921EC7E-356A-48A1-BCB9-7BFC2912F5B8}.Debug|x64.ActiveCfg = Debug|Any CPU
		{A921EC7E-356A-48A1-BCB9-7BFC2912F5B8}.Debug|x64.Build.0 = Debug|Any CPU
		{A921EC7E-356A-48A1-BCB9-7BFC2912F5B8}.Debug|x86.ActiveCfg = Debug|Any CPU
		{A921EC7E-356A-48A1-BCB9-7BFC2912F5B8}.Debug|x86.Build.0 = Debug|Any CPU
		{A921EC7E-356A-48A1-BCB9-7BFC2912F5B8}.Release|Any CPU.ActiveCfg = Release|Any CPU
		{A921EC7E-356A-48A1-BCB9-7BFC2912F5B8}.Release|Any CPU.Build.0 = Release|Any CPU
		{A921EC7E-356A-48A1-BCB9-7BFC2912F5B8}.Release|x64.ActiveCfg = Release|Any CPU
		{A921EC7E-356A-48A1-BCB9-7BFC2912F5B8}.Release|x64.Build.0 = Release|Any CPU
		{A921EC7E-356A-48A1-BCB9-7BFC2912F5B8}.Release|x86.ActiveCfg = Release|Any CPU
		{A921EC7E-356A-48A1-BCB9-7BFC2912F5B8}.Release|x86.Build.0 = Release|Any CPU
	EndGlobalSection
	GlobalSection(SolutionProperties) = preSolution
		HideSolutionNode = FALSE
	EndGlobalSection
	GlobalSection(NestedProjects) = preSolution
		{C7F08658-328B-4C19-A935-934FADAC5086} = {31C339ED-BBD6-4870-B4F3-2D286D138B72}
		{4AE54D54-2727-4B8E-B1BD-74FC8A1A2CAF} = {31C339ED-BBD6-4870-B4F3-2D286D138B72}
		{A921EC7E-356A-48A1-BCB9-7BFC2912F5B8} = {31C339ED-BBD6-4870-B4F3-2D286D138B72}
	EndGlobalSection
	GlobalSection(ExtensibilityGlobals) = postSolution
		SolutionGuid = {A34B1945-FE46-4BD7-9704-D7FE88C4E98F}
	EndGlobalSection
EndGlobal
